
Microsoft Visual Studio Solution File, Format Version 12.00
# Visual Studio 2013
VisualStudioVersion = 12.0.30723.0
MinimumVisualStudioVersion = 10.0.40219.1
Project("{FAE04EC0-301F-11D3-BF4B-00C04F79EFBC}") = "DropBox", "DropBox\DropBox.csproj", "{6E2A88C1-E7EC-4C5C-8279-3D553E9A138D}"
EndProject
Global
	GlobalSection(TeamFoundationVersionControl) = preSolution
		SccNumberOfProjects = 2
		SccEnterpriseProvider = {4CA58AB2-18FA-4F8D-95D4-32DDF27D184C}
		SccTeamFoundationServer = https://cesarl.visualstudio.com/defaultcollection
		SccLocalPath0 = .
		SccProjectUniqueName1 = DropBox\\DropBox.csproj
		SccProjectName1 = DropBox
		SccLocalPath1 = DropBox
	EndGlobalSection
	GlobalSection(SolutionConfigurationPlatforms) = preSolution
		Debug|Any CPU = Debug|Any CPU
		Release|Any CPU = Release|Any CPU
	EndGlobalSection
	GlobalSection(ProjectConfigurationPlatforms) = postSolution
		{6E2A88C1-E7EC-4C5C-8279-3D553E9A138D}.Debug|Any CPU.ActiveCfg = Debug|Any CPU
		{6E2A88C1-E7EC-4C5C-8279-3D553E9A138D}.Debug|Any CPU.Build.0 = Debug|Any CPU
		{6E2A88C1-E7EC-4C5C-8279-3D553E9A138D}.Release|Any CPU.ActiveCfg = Release|Any CPU
		{6E2A88C1-E7EC-4C5C-8279-3D553E9A138D}.Release|Any CPU.Build.0 = Release|Any CPU
	EndGlobalSection
	GlobalSection(SolutionProperties) = preSolution
		HideSolutionNode = FALSE
	EndGlobalSection
EndGlobal
